
Microsoft Visual Studio Solution File, Format Version 12.00
# Visual Studio Version 17
VisualStudioVersion = 17.5.002.0
MinimumVisualStudioVersion = 10.0.40219.1
Project("{9A19103F-16F7-4668-BE54-9A1E7A4F7556}") = "MyFirstRazorApp", "MyFirstRazorApp.csproj", "{754040EB-A50D-4B6D-BC0A-96F0516E4D09}"
EndProject
Global
	GlobalSection(SolutionConfigurationPlatforms) = preSolution
		Debug|Any CPU = Debug|Any CPU
		Release|Any CPU = Release|Any CPU
	EndGlobalSection
	GlobalSection(ProjectConfigurationPlatforms) = postSolution
		{754040EB-A50D-4B6D-BC0A-96F0516E4D09}.Debug|Any CPU.ActiveCfg = Debug|Any CPU
		{754040EB-A50D-4B6D-BC0A-96F0516E4D09}.Debug|Any CPU.Build.0 = Debug|Any CPU
		{754040EB-A50D-4B6D-BC0A-96F0516E4D09}.Release|Any CPU.ActiveCfg = Release|Any CPU
		{754040EB-A50D-4B6D-BC0A-96F0516E4D09}.Release|Any CPU.Build.0 = Release|Any CPU
	EndGlobalSection
	GlobalSection(SolutionProperties) = preSolution
		HideSolutionNode = FALSE
	EndGlobalSection
	GlobalSection(ExtensibilityGlobals) = postSolution
		SolutionGuid = {F1872248-1187-47D8-9C80-A931BEC6F206}
	EndGlobalSection
EndGlobal
