
Microsoft Visual Studio Solution File, Format Version 12.00
# Visual Studio Version 17
VisualStudioVersion = 17.5.002.0
MinimumVisualStudioVersion = 10.0.40219.1
Project("{9A19103F-16F7-4668-BE54-9A1E7A4F7556}") = "MyFirstApp", "MyFirstApp.csproj", "{4E5E17E9-EA1A-4EAC-966C-D9FCE4D6873E}"
EndProject
Global
	GlobalSection(SolutionConfigurationPlatforms) = preSolution
		Debug|Any CPU = Debug|Any CPU
		Release|Any CPU = Release|Any CPU
	EndGlobalSection
	GlobalSection(ProjectConfigurationPlatforms) = postSolution
		{4E5E17E9-EA1A-4EAC-966C-D9FCE4D6873E}.Debug|Any CPU.ActiveCfg = Debug|Any CPU
		{4E5E17E9-EA1A-4EAC-966C-D9FCE4D6873E}.Debug|Any CPU.Build.0 = Debug|Any CPU
		{4E5E17E9-EA1A-4EAC-966C-D9FCE4D6873E}.Release|Any CPU.ActiveCfg = Release|Any CPU
		{4E5E17E9-EA1A-4EAC-966C-D9FCE4D6873E}.Release|Any CPU.Build.0 = Release|Any CPU
	EndGlobalSection
	GlobalSection(SolutionProperties) = preSolution
		HideSolutionNode = FALSE
	EndGlobalSection
	GlobalSection(ExtensibilityGlobals) = postSolution
		SolutionGuid = {8C10E1D9-9631-4DAA-AE66-E7A57E6FC068}
	EndGlobalSection
EndGlobal
